{
  "name": "weather-pwa",
  "version": "1.0.0",
  "lockfileVersion": 1,
  "dependencies": {
    "assertion-error": {
      "version": "1.0.0",
      "resolved": "https://registry.npmjs.org/assertion-error/-/assertion-error-1.0.0.tgz",
      "integrity": "sha1-x/hUOP3UZrx8oWq5DIFRN5el0js="
    },
    "oath": {
      "version": "1.0.0",
      "resolved": "https://registry.npmjs.org/oath/-/oath-1.0.0.tgz",
      "integrity": "sha1-L04fd5e5A6eLJDUn3GgkWwrrDVg="
    },
    "simple-assert": {
      "version": "1.0.0",
      "resolved": "https://registry.npmjs.org/simple-assert/-/simple-assert-1.0.0.tgz",
      "integrity": "sha1-U/F5AADXFEJBJCkHgLwqPlEc8O8="
    }
  }
}
